<?xml version="1.0" encoding="utf-8"?>
<Project ToolsVersion="4.0" xmlns="http://schemas.microsoft.com/developer/msbuild/2003">
  <ItemGroup>
    <Filter Include="Source Files">
      <UniqueIdentifier>{c7d3554c-6834-4f6c-ba0f-26778179cde7}</UniqueIdentifier>
      <Extensions>cpp;c;cxx;rc;def;r;odl;idl;hpj;bat</Extensions>
    </Filter>
    <Filter Include="Header Files">
      <UniqueIdentifier>{50380097-0839-4fd2-9fd4-56e4eeb6f300}</UniqueIdentifier>
      <Extensions>h;hpp;hxx;hm;inl</Extensions>
    </Filter>
    <Filter Include="Resource Files">
      <UniqueIdentifier>{2a30b1aa-9782-441f-8bf1-ccf5cdb138ca}</UniqueIdentifier>
      <Extensions>ico;cur;bmp;dlg;rc2;rct;bin;rgs;gif;jpg;jpeg;jpe</Extensions>
    </Filter>
    <Filter Include="Help Files">
      <UniqueIdentifier>{486c1a76-f037-48ac-bf63-590da356a8f2}</UniqueIdentifier>
      <Extensions>cnt;rtf</Extensions>
    </Filter>
  </ItemGroup>
  <ItemGroup>
    <ClCompile Include="AnalDlg.cpp">
      <Filter>Source Files</Filter>
    </ClCompile>
    <ClCompile Include="AnalDlg2.cpp">
      <Filter>Source Files</Filter>
    </ClCompile>
    <ClCompile Include="ArtData.cpp">
      <Filter>Source Files</Filter>
    </ClCompile>
    <ClCompile Include="ArtDataDoc.cpp">
      <Filter>Source Files</Filter>
    </ClCompile>
    <ClCompile Include="ArtDataView.cpp">
      <Filter>Source Files</Filter>
    </ClCompile>
    <ClCompile Include="CardDlg.cpp">
      <Filter>Source Files</Filter>
    </ClCompile>
    <ClCompile Include="ClrDatDlg.cpp">
      <Filter>Source Files</Filter>
    </ClCompile>
    <ClCompile Include="DatSavDlg.cpp">
      <Filter>Source Files</Filter>
    </ClCompile>
    <ClCompile Include="MainFrm.cpp">
      <Filter>Source Files</Filter>
    </ClCompile>
    <ClCompile Include="StdAfx.cpp">
      <Filter>Source Files</Filter>
    </ClCompile>
  </ItemGroup>
  <ItemGroup>
    <ResourceCompile Include="ArtData.rc">
      <Filter>Source Files</Filter>
    </ResourceCompile>
  </ItemGroup>
  <ItemGroup>
    <ClInclude Include="AnalDlg.h">
      <Filter>Header Files</Filter>
    </ClInclude>
    <ClInclude Include="AnalDlg2.h">
      <Filter>Header Files</Filter>
    </ClInclude>
    <ClInclude Include="ArtData.h">
      <Filter>Header Files</Filter>
    </ClInclude>
    <ClInclude Include="ArtDataDoc.h">
      <Filter>Header Files</Filter>
    </ClInclude>
    <ClInclude Include="ArtDataView.h">
      <Filter>Header Files</Filter>
    </ClInclude>
    <ClInclude Include="CardDlg.h">
      <Filter>Header Files</Filter>
    </ClInclude>
    <ClInclude Include="ClrDatDlg.h">
      <Filter>Header Files</Filter>
    </ClInclude>
    <ClInclude Include="DatSavDlg.h">
      <Filter>Header Files</Filter>
    </ClInclude>
    <ClInclude Include="MainFrm.h">
      <Filter>Header Files</Filter>
    </ClInclude>
    <ClInclude Include="matlib.h">
      <Filter>Header Files</Filter>
    </ClInclude>
    <ClInclude Include="SigAnals.h">
      <Filter>Header Files</Filter>
    </ClInclude>
    <ClInclude Include="StdAfx.h">
      <Filter>Header Files</Filter>
    </ClInclude>
    <ClInclude Include="Usb5935.h">
      <Filter>Header Files</Filter>
    </ClInclude>
  </ItemGroup>
  <ItemGroup>
    <Library Include="v4501v.lib" />
  </ItemGroup>
  <ItemGroup>
    <CustomBuild Include="hlp\ArtData.hpj">
      <Filter>Source Files</Filter>
    </CustomBuild>
    <CustomBuild Include="Resource.h">
      <Filter>Header Files</Filter>
    </CustomBuild>
    <CustomBuild Include="res\ArtData.ico">
      <Filter>Resource Files</Filter>
    </CustomBuild>
    <CustomBuild Include="res\ArtData.rc2">
      <Filter>Resource Files</Filter>
    </CustomBuild>
    <CustomBuild Include="res\ArtDataDoc.ico">
      <Filter>Resource Files</Filter>
    </CustomBuild>
    <CustomBuild Include="res\bitmap1.bmp">
      <Filter>Resource Files</Filter>
    </CustomBuild>
    <CustomBuild Include="res\ico00001.ico">
      <Filter>Resource Files</Filter>
    </CustomBuild>
    <CustomBuild Include="res\ICON1.ICO">
      <Filter>Resource Files</Filter>
    </CustomBuild>
    <CustomBuild Include="res\icon2.ico">
      <Filter>Resource Files</Filter>
    </CustomBuild>
    <CustomBuild Include="res\icon3.ico">
      <Filter>Resource Files</Filter>
    </CustomBuild>
    <CustomBuild Include="res\icon4.ico">
      <Filter>Resource Files</Filter>
    </CustomBuild>
    <CustomBuild Include="res\icon5.ico">
      <Filter>Resource Files</Filter>
    </CustomBuild>
    <CustomBuild Include="res\icon6.ico">
      <Filter>Resource Files</Filter>
    </CustomBuild>
    <CustomBuild Include="res\Toolbar.bmp">
      <Filter>Resource Files</Filter>
    </CustomBuild>
    <CustomBuild Include="res\toolbar1.bmp">
      <Filter>Resource Files</Filter>
    </CustomBuild>
    <CustomBuild Include="hlp\AfxCore.rtf">
      <Filter>Help Files</Filter>
    </CustomBuild>
    <CustomBuild Include="hlp\AppExit.bmp">
      <Filter>Help Files</Filter>
    </CustomBuild>
    <CustomBuild Include="hlp\ArtData.cnt">
      <Filter>Help Files</Filter>
    </CustomBuild>
    <CustomBuild Include="hlp\Bullet.bmp">
      <Filter>Help Files</Filter>
    </CustomBuild>
    <CustomBuild Include="hlp\CurArw2.bmp">
      <Filter>Help Files</Filter>
    </CustomBuild>
    <CustomBuild Include="hlp\CurArw4.bmp">
      <Filter>Help Files</Filter>
    </CustomBuild>
    <CustomBuild Include="hlp\CurHelp.bmp">
      <Filter>Help Files</Filter>
    </CustomBuild>
    <CustomBuild Include="hlp\EditCopy.bmp">
      <Filter>Help Files</Filter>
    </CustomBuild>
    <CustomBuild Include="hlp\EditCut.bmp">
      <Filter>Help Files</Filter>
    </CustomBuild>
    <CustomBuild Include="hlp\EditPast.bmp">
      <Filter>Help Files</Filter>
    </CustomBuild>
    <CustomBuild Include="hlp\EditUndo.bmp">
      <Filter>Help Files</Filter>
    </CustomBuild>
    <CustomBuild Include="hlp\FileNew.bmp">
      <Filter>Help Files</Filter>
    </CustomBuild>
    <CustomBuild Include="hlp\FileOpen.bmp">
      <Filter>Help Files</Filter>
    </CustomBuild>
    <CustomBuild Include="hlp\FilePrnt.bmp">
      <Filter>Help Files</Filter>
    </CustomBuild>
    <CustomBuild Include="hlp\FileSave.bmp">
      <Filter>Help Files</Filter>
    </CustomBuild>
    <CustomBuild Include="hlp\HlpSBar.bmp">
      <Filter>Help Files</Filter>
    </CustomBuild>
    <CustomBuild Include="hlp\HlpTBar.bmp">
      <Filter>Help Files</Filter>
    </CustomBuild>
    <CustomBuild Include="hlp\RecFirst.bmp">
      <Filter>Help Files</Filter>
    </CustomBuild>
    <CustomBuild Include="hlp\RecLast.bmp">
      <Filter>Help Files</Filter>
    </CustomBuild>
    <CustomBuild Include="hlp\RecNext.bmp">
      <Filter>Help Files</Filter>
    </CustomBuild>
    <CustomBuild Include="hlp\RecPrev.bmp">
      <Filter>Help Files</Filter>
    </CustomBuild>
    <CustomBuild Include="hlp\Scmax.bmp">
      <Filter>Help Files</Filter>
    </CustomBuild>
    <CustomBuild Include="hlp\ScMenu.bmp">
      <Filter>Help Files</Filter>
    </CustomBuild>
    <CustomBuild Include="hlp\Scmin.bmp">
      <Filter>Help Files</Filter>
    </CustomBuild>
    <CustomBuild Include="ArtData.reg" />
    <CustomBuild Include="ReadMe.txt" />
  </ItemGroup>
</Project>